
Microsoft Visual Studio Solution File, Format Version 12.00
# Visual Studio Version 16
VisualStudioVersion = 16.0.29728.190
MinimumVisualStudioVersion = 10.0.40219.1
Project("{FAE04EC0-301F-11D3-BF4B-00C04F79EFBC}") = "Proyecto", "Proyecto.csproj", "{073EE8DA-BE8A-442B-A59F-6A252E67067B}"
EndProject
Global
	GlobalSection(SolutionConfigurationPlatforms) = preSolution
		Debug|Any CPU = Debug|Any CPU
		Release|Any CPU = Release|Any CPU
	EndGlobalSection
	GlobalSection(ProjectConfigurationPlatforms) = postSolution
		{073EE8DA-BE8A-442B-A59F-6A252E67067B}.Debug|Any CPU.ActiveCfg = Debug|Any CPU
		{073EE8DA-BE8A-442B-A59F-6A252E67067B}.Debug|Any CPU.Build.0 = Debug|Any CPU
		{073EE8DA-BE8A-442B-A59F-6A252E67067B}.Release|Any CPU.ActiveCfg = Release|Any CPU
		{073EE8DA-BE8A-442B-A59F-6A252E67067B}.Release|Any CPU.Build.0 = Release|Any CPU
	EndGlobalSection
	GlobalSection(SolutionProperties) = preSolution
		HideSolutionNode = FALSE
	EndGlobalSection
	GlobalSection(ExtensibilityGlobals) = postSolution
		SolutionGuid = {6A27993B-63BC-4480-BBFB-24A4BE22E691}
	EndGlobalSection
EndGlobal
